{
  "name": "mineflayer-chat-commands",
  "version": "1.0.0",
  "lockfileVersion": 2,
  "requires": true,
  "packages": {
    "": {
      "name": "mineflayer-chat-commands",
      "version": "1.0.0",
      "license": "ISC",
      "dependencies": {
        "minecraft-data": "^3.9.1"
      }
    },
    "node_modules/minecraft-data": {
      "version": "3.9.1",
      "resolved": "https://registry.npmjs.org/minecraft-data/-/minecraft-data-3.9.1.tgz",
      "integrity": "sha512-Wbgq2cRaebaq3zExTuV3Knyjtnm1tIKvJxyu6cVmwbQpbX0z2qgh9fTr3ZJXF8lRP1PwHCCHr1zaU8PikmIO5g=="
    }
  },
  "dependencies": {
    "minecraft-data": {
      "version": "3.9.1",
      "resolved": "https://registry.npmjs.org/minecraft-data/-/minecraft-data-3.9.1.tgz",
      "integrity": "sha512-Wbgq2cRaebaq3zExTuV3Knyjtnm1tIKvJxyu6cVmwbQpbX0z2qgh9fTr3ZJXF8lRP1PwHCCHr1zaU8PikmIO5g=="
    }
  }
}
