{
    "name": "mineflayer-chat-commands",
    "version": "1.0.0",
    "lockfileVersion": 2,
    "requires": true,
    "packages": {
        "": {
            "name": "mineflayer-chat-commands",
            "version": "1.0.0",
            "license": "ISC",
            "dependencies": {
                "minecraft-data": "^3.9.1"
            }
        }
    },
    "dependencies": {}
}
